
Microsoft Visual Studio Solution File, Format Version 12.00
# Visual Studio Version 17
VisualStudioVersion = 17.11.35327.3
MinimumVisualStudioVersion = 10.0.40219.1
Project("{2150E333-8FDC-42A3-9474-1A3956D46DE8}") = "src", "src", "{E60D1A27-3DB3-436A-B051-13B38354665B}"
EndProject
Project("{9A19103F-16F7-4668-BE54-9A1E7A4F7556}") = "WebApi", "src\WebApi\WebApi.csproj", "{13E29A77-DE8C-4C37-8ED5-807CCD3D5AE7}"
EndProject
Project("{9A19103F-16F7-4668-BE54-9A1E7A4F7556}") = "Abstractions", "src\Abstractions\Abstractions.csproj", "{FD004C7E-5FC9-4189-98E9-A4CC4FED8396}"
EndProject
Project("{9A19103F-16F7-4668-BE54-9A1E7A4F7556}") = "Application", "src\Application\Application.csproj", "{D3050CDE-74B7-4DC8-B3C2-AE8894500E6D}"
EndProject
Project("{9A19103F-16F7-4668-BE54-9A1E7A4F7556}") = "Infrastructure", "src\Infrastructure\Infrastructure.csproj", "{28BEE00A-68D1-485E-89F3-C624998F8E14}"
EndProject
Project("{9A19103F-16F7-4668-BE54-9A1E7A4F7556}") = "Persistence", "src\Persistence\Persistence.csproj", "{112E8711-81A1-4DDC-9AA4-CE335FEDFAE3}"
EndProject
Project("{9A19103F-16F7-4668-BE54-9A1E7A4F7556}") = "Persistence.DbUp", "src\Persistence.DbUp\Persistence.DbUp.csproj", "{9D2D90FE-5D83-4A65-A7A4-01BDFD9653F3}"
EndProject
Project("{9A19103F-16F7-4668-BE54-9A1E7A4F7556}") = "Diagnostics", "src\Diagnostics\Diagnostics.csproj", "{BDE8A1AD-DE6B-456E-878B-277654CB923F}"
EndProject
Project("{9A19103F-16F7-4668-BE54-9A1E7A4F7556}") = "Domain", "src\Domain\Domain.csproj", "{1BC36B7C-D6CB-40F5-A6BC-B1727184F41D}"
EndProject
Project("{9A19103F-16F7-4668-BE54-9A1E7A4F7556}") = "Application.Contracts", "src\Application.Contracts\Application.Contracts.csproj", "{A4E3A05D-6346-42A6-8682-13B4113C13C4}"
EndProject
Global
	GlobalSection(SolutionConfigurationPlatforms) = preSolution
		Debug|Any CPU = Debug|Any CPU
		Release|Any CPU = Release|Any CPU
	EndGlobalSection
	GlobalSection(ProjectConfigurationPlatforms) = postSolution
		{13E29A77-DE8C-4C37-8ED5-807CCD3D5AE7}.Debug|Any CPU.ActiveCfg = Debug|Any CPU
		{13E29A77-DE8C-4C37-8ED5-807CCD3D5AE7}.Debug|Any CPU.Build.0 = Debug|Any CPU
		{13E29A77-DE8C-4C37-8ED5-807CCD3D5AE7}.Release|Any CPU.ActiveCfg = Release|Any CPU
		{13E29A77-DE8C-4C37-8ED5-807CCD3D5AE7}.Release|Any CPU.Build.0 = Release|Any CPU
		{FD004C7E-5FC9-4189-98E9-A4CC4FED8396}.Debug|Any CPU.ActiveCfg = Debug|Any CPU
		{FD004C7E-5FC9-4189-98E9-A4CC4FED8396}.Debug|Any CPU.Build.0 = Debug|Any CPU
		{FD004C7E-5FC9-4189-98E9-A4CC4FED8396}.Release|Any CPU.ActiveCfg = Release|Any CPU
		{FD004C7E-5FC9-4189-98E9-A4CC4FED8396}.Release|Any CPU.Build.0 = Release|Any CPU
		{D3050CDE-74B7-4DC8-B3C2-AE8894500E6D}.Debug|Any CPU.ActiveCfg = Debug|Any CPU
		{D3050CDE-74B7-4DC8-B3C2-AE8894500E6D}.Debug|Any CPU.Build.0 = Debug|Any CPU
		{D3050CDE-74B7-4DC8-B3C2-AE8894500E6D}.Release|Any CPU.ActiveCfg = Release|Any CPU
		{D3050CDE-74B7-4DC8-B3C2-AE8894500E6D}.Release|Any CPU.Build.0 = Release|Any CPU
		{28BEE00A-68D1-485E-89F3-C624998F8E14}.Debug|Any CPU.ActiveCfg = Debug|Any CPU
		{28BEE00A-68D1-485E-89F3-C624998F8E14}.Debug|Any CPU.Build.0 = Debug|Any CPU
		{28BEE00A-68D1-485E-89F3-C624998F8E14}.Release|Any CPU.ActiveCfg = Release|Any CPU
		{28BEE00A-68D1-485E-89F3-C624998F8E14}.Release|Any CPU.Build.0 = Release|Any CPU
		{112E8711-81A1-4DDC-9AA4-CE335FEDFAE3}.Debug|Any CPU.ActiveCfg = Debug|Any CPU
		{112E8711-81A1-4DDC-9AA4-CE335FEDFAE3}.Debug|Any CPU.Build.0 = Debug|Any CPU
		{112E8711-81A1-4DDC-9AA4-CE335FEDFAE3}.Release|Any CPU.ActiveCfg = Release|Any CPU
		{112E8711-81A1-4DDC-9AA4-CE335FEDFAE3}.Release|Any CPU.Build.0 = Release|Any CPU
		{9D2D90FE-5D83-4A65-A7A4-01BDFD9653F3}.Debug|Any CPU.ActiveCfg = Debug|Any CPU
		{9D2D90FE-5D83-4A65-A7A4-01BDFD9653F3}.Debug|Any CPU.Build.0 = Debug|Any CPU
		{9D2D90FE-5D83-4A65-A7A4-01BDFD9653F3}.Release|Any CPU.ActiveCfg = Release|Any CPU
		{9D2D90FE-5D83-4A65-A7A4-01BDFD9653F3}.Release|Any CPU.Build.0 = Release|Any CPU
		{BDE8A1AD-DE6B-456E-878B-277654CB923F}.Debug|Any CPU.ActiveCfg = Debug|Any CPU
		{BDE8A1AD-DE6B-456E-878B-277654CB923F}.Debug|Any CPU.Build.0 = Debug|Any CPU
		{BDE8A1AD-DE6B-456E-878B-277654CB923F}.Release|Any CPU.ActiveCfg = Release|Any CPU
		{BDE8A1AD-DE6B-456E-878B-277654CB923F}.Release|Any CPU.Build.0 = Release|Any CPU
		{1BC36B7C-D6CB-40F5-A6BC-B1727184F41D}.Debug|Any CPU.ActiveCfg = Debug|Any CPU
		{1BC36B7C-D6CB-40F5-A6BC-B1727184F41D}.Debug|Any CPU.Build.0 = Debug|Any CPU
		{1BC36B7C-D6CB-40F5-A6BC-B1727184F41D}.Release|Any CPU.ActiveCfg = Release|Any CPU
		{1BC36B7C-D6CB-40F5-A6BC-B1727184F41D}.Release|Any CPU.Build.0 = Release|Any CPU
		{A4E3A05D-6346-42A6-8682-13B4113C13C4}.Debug|Any CPU.ActiveCfg = Debug|Any CPU
		{A4E3A05D-6346-42A6-8682-13B4113C13C4}.Debug|Any CPU.Build.0 = Debug|Any CPU
		{A4E3A05D-6346-42A6-8682-13B4113C13C4}.Release|Any CPU.ActiveCfg = Release|Any CPU
		{A4E3A05D-6346-42A6-8682-13B4113C13C4}.Release|Any CPU.Build.0 = Release|Any CPU
	EndGlobalSection
	GlobalSection(SolutionProperties) = preSolution
		HideSolutionNode = FALSE
	EndGlobalSection
	GlobalSection(NestedProjects) = preSolution
		{13E29A77-DE8C-4C37-8ED5-807CCD3D5AE7} = {E60D1A27-3DB3-436A-B051-13B38354665B}
		{FD004C7E-5FC9-4189-98E9-A4CC4FED8396} = {E60D1A27-3DB3-436A-B051-13B38354665B}
		{D3050CDE-74B7-4DC8-B3C2-AE8894500E6D} = {E60D1A27-3DB3-436A-B051-13B38354665B}
		{28BEE00A-68D1-485E-89F3-C624998F8E14} = {E60D1A27-3DB3-436A-B051-13B38354665B}
		{112E8711-81A1-4DDC-9AA4-CE335FEDFAE3} = {E60D1A27-3DB3-436A-B051-13B38354665B}
		{9D2D90FE-5D83-4A65-A7A4-01BDFD9653F3} = {E60D1A27-3DB3-436A-B051-13B38354665B}
		{BDE8A1AD-DE6B-456E-878B-277654CB923F} = {E60D1A27-3DB3-436A-B051-13B38354665B}
		{1BC36B7C-D6CB-40F5-A6BC-B1727184F41D} = {E60D1A27-3DB3-436A-B051-13B38354665B}
		{A4E3A05D-6346-42A6-8682-13B4113C13C4} = {E60D1A27-3DB3-436A-B051-13B38354665B}
	EndGlobalSection
	GlobalSection(ExtensibilityGlobals) = postSolution
		SolutionGuid = {B44EE46E-D289-468E-9C62-7B5FA7EE309F}
	EndGlobalSection
EndGlobal
